
Microsoft Visual Studio Solution File, Format Version 12.00
# Visual Studio Version 17
VisualStudioVersion = 17.7.34221.43
MinimumVisualStudioVersion = 10.0.40219.1
Project("{FAE04EC0-301F-11D3-BF4B-00C04F79EFBC}") = "Universal List Generator", "Universal List Generator.csproj", "{4492FEA2-BAD7-4725-BB52-53C917268A1C}"
EndProject
Global
	GlobalSection(SolutionConfigurationPlatforms) = preSolution
		Debug|Any CPU = Debug|Any CPU
		Release|Any CPU = Release|Any CPU
	EndGlobalSection
	GlobalSection(ProjectConfigurationPlatforms) = postSolution
		{4492FEA2-BAD7-4725-BB52-53C917268A1C}.Debug|Any CPU.ActiveCfg = Debug|Any CPU
		{4492FEA2-BAD7-4725-BB52-53C917268A1C}.Debug|Any CPU.Build.0 = Debug|Any CPU
		{4492FEA2-BAD7-4725-BB52-53C917268A1C}.Release|Any CPU.ActiveCfg = Release|Any CPU
		{4492FEA2-BAD7-4725-BB52-53C917268A1C}.Release|Any CPU.Build.0 = Release|Any CPU
	EndGlobalSection
	GlobalSection(SolutionProperties) = preSolution
		HideSolutionNode = FALSE
	EndGlobalSection
	GlobalSection(ExtensibilityGlobals) = postSolution
		SolutionGuid = {67563718-4603-40BE-B62B-C81170F457E0}
	EndGlobalSection
EndGlobal
